
Microsoft Visual Studio Solution File, Format Version 12.00
# Visual Studio 14
VisualStudioVersion = 14.0.25420.1
MinimumVisualStudioVersion = 10.0.40219.1
Project("{FAE04EC0-301F-11D3-BF4B-00C04F79EFBC}") = "GUI", "GUI\GUI.csproj", "{5186388F-A678-4C62-B5F3-EE7565CB8A11}"
EndProject
Project("{FAE04EC0-301F-11D3-BF4B-00C04F79EFBC}") = "MODELO", "MODELO\MODELO.csproj", "{6396DEC6-FBB3-49F8-A574-F25A09F9F15D}"
EndProject
Project("{FAE04EC0-301F-11D3-BF4B-00C04F79EFBC}") = "BLL", "BLL\BLL.csproj", "{AA96139F-89D9-4355-88AF-315FC0731542}"
EndProject
Project("{FAE04EC0-301F-11D3-BF4B-00C04F79EFBC}") = "DAL", "DAL\DAL.csproj", "{FC1173D0-4CA6-4FA6-87E9-B16F6C8E8CE7}"
EndProject
Global
	GlobalSection(SolutionConfigurationPlatforms) = preSolution
		Debug|Any CPU = Debug|Any CPU
		Release|Any CPU = Release|Any CPU
	EndGlobalSection
	GlobalSection(ProjectConfigurationPlatforms) = postSolution
		{5186388F-A678-4C62-B5F3-EE7565CB8A11}.Debug|Any CPU.ActiveCfg = Debug|Any CPU
		{5186388F-A678-4C62-B5F3-EE7565CB8A11}.Debug|Any CPU.Build.0 = Debug|Any CPU
		{5186388F-A678-4C62-B5F3-EE7565CB8A11}.Release|Any CPU.ActiveCfg = Release|Any CPU
		{5186388F-A678-4C62-B5F3-EE7565CB8A11}.Release|Any CPU.Build.0 = Release|Any CPU
		{6396DEC6-FBB3-49F8-A574-F25A09F9F15D}.Debug|Any CPU.ActiveCfg = Debug|Any CPU
		{6396DEC6-FBB3-49F8-A574-F25A09F9F15D}.Debug|Any CPU.Build.0 = Debug|Any CPU
		{6396DEC6-FBB3-49F8-A574-F25A09F9F15D}.Release|Any CPU.ActiveCfg = Release|Any CPU
		{6396DEC6-FBB3-49F8-A574-F25A09F9F15D}.Release|Any CPU.Build.0 = Release|Any CPU
		{AA96139F-89D9-4355-88AF-315FC0731542}.Debug|Any CPU.ActiveCfg = Debug|Any CPU
		{AA96139F-89D9-4355-88AF-315FC0731542}.Debug|Any CPU.Build.0 = Debug|Any CPU
		{AA96139F-89D9-4355-88AF-315FC0731542}.Release|Any CPU.ActiveCfg = Release|Any CPU
		{AA96139F-89D9-4355-88AF-315FC0731542}.Release|Any CPU.Build.0 = Release|Any CPU
		{FC1173D0-4CA6-4FA6-87E9-B16F6C8E8CE7}.Debug|Any CPU.ActiveCfg = Debug|Any CPU
		{FC1173D0-4CA6-4FA6-87E9-B16F6C8E8CE7}.Debug|Any CPU.Build.0 = Debug|Any CPU
		{FC1173D0-4CA6-4FA6-87E9-B16F6C8E8CE7}.Release|Any CPU.ActiveCfg = Release|Any CPU
		{FC1173D0-4CA6-4FA6-87E9-B16F6C8E8CE7}.Release|Any CPU.Build.0 = Release|Any CPU
	EndGlobalSection
	GlobalSection(SolutionProperties) = preSolution
		HideSolutionNode = FALSE
	EndGlobalSection
EndGlobal
